
Microsoft Visual Studio Solution File, Format Version 12.00
# Visual Studio Version 17
VisualStudioVersion = 17.5.33502.453
MinimumVisualStudioVersion = 10.0.40219.1
Project("{9A19103F-16F7-4668-BE54-9A1E7A4F7556}") = "WebApp", "WebApplication\WebApp.csproj", "{61A654B0-61C8-4E7C-AB3C-D8172ECCA426}"
EndProject
Project("{FAE04EC0-301F-11D3-BF4B-00C04F79EFBC}") = "WebProject", "..\WebProject\WebProject.csproj", "{F5B4A70A-9E84-4F98-A1EB-091EC9C65CAE}"
EndProject
Global
	GlobalSection(SolutionConfigurationPlatforms) = preSolution
		Debug|Any CPU = Debug|Any CPU
		Release|Any CPU = Release|Any CPU
	EndGlobalSection
	GlobalSection(ProjectConfigurationPlatforms) = postSolution
		{61A654B0-61C8-4E7C-AB3C-D8172ECCA426}.Debug|Any CPU.ActiveCfg = Debug|Any CPU
		{61A654B0-61C8-4E7C-AB3C-D8172ECCA426}.Debug|Any CPU.Build.0 = Debug|Any CPU
		{61A654B0-61C8-4E7C-AB3C-D8172ECCA426}.Release|Any CPU.ActiveCfg = Release|Any CPU
		{61A654B0-61C8-4E7C-AB3C-D8172ECCA426}.Release|Any CPU.Build.0 = Release|Any CPU
		{F5B4A70A-9E84-4F98-A1EB-091EC9C65CAE}.Debug|Any CPU.ActiveCfg = Debug|Any CPU
		{F5B4A70A-9E84-4F98-A1EB-091EC9C65CAE}.Debug|Any CPU.Build.0 = Debug|Any CPU
		{F5B4A70A-9E84-4F98-A1EB-091EC9C65CAE}.Release|Any CPU.ActiveCfg = Release|Any CPU
		{F5B4A70A-9E84-4F98-A1EB-091EC9C65CAE}.Release|Any CPU.Build.0 = Release|Any CPU
	EndGlobalSection
	GlobalSection(SolutionProperties) = preSolution
		HideSolutionNode = FALSE
	EndGlobalSection
	GlobalSection(ExtensibilityGlobals) = postSolution
		SolutionGuid = {DBEAF906-42B1-493E-AA66-FB6F386E6EEE}
	EndGlobalSection
EndGlobal
