
Microsoft Visual Studio Solution File, Format Version 12.00
# Visual Studio Version 17
VisualStudioVersion = 17.5.33502.453
MinimumVisualStudioVersion = 10.0.40219.1
Project("{FAE04EC0-301F-11D3-BF4B-00C04F79EFBC}") = "FinaleApp", "FinaleApp\FinaleApp.csproj", "{B3444FBF-863B-4410-8496-5D470EB6D7D8}"
EndProject
Global
	GlobalSection(SolutionConfigurationPlatforms) = preSolution
		Debug|Any CPU = Debug|Any CPU
		Release|Any CPU = Release|Any CPU
	EndGlobalSection
	GlobalSection(ProjectConfigurationPlatforms) = postSolution
		{B3444FBF-863B-4410-8496-5D470EB6D7D8}.Debug|Any CPU.ActiveCfg = Debug|Any CPU
		{B3444FBF-863B-4410-8496-5D470EB6D7D8}.Debug|Any CPU.Build.0 = Debug|Any CPU
		{B3444FBF-863B-4410-8496-5D470EB6D7D8}.Release|Any CPU.ActiveCfg = Release|Any CPU
		{B3444FBF-863B-4410-8496-5D470EB6D7D8}.Release|Any CPU.Build.0 = Release|Any CPU
	EndGlobalSection
	GlobalSection(SolutionProperties) = preSolution
		HideSolutionNode = FALSE
	EndGlobalSection
	GlobalSection(ExtensibilityGlobals) = postSolution
		SolutionGuid = {C0EF83C4-0C1D-42DB-AC00-63479EF70025}
	EndGlobalSection
EndGlobal
