
Microsoft Visual Studio Solution File, Format Version 12.00
# Visual Studio Version 17
VisualStudioVersion = 17.5.33502.453
MinimumVisualStudioVersion = 10.0.40219.1
Project("{FAE04EC0-301F-11D3-BF4B-00C04F79EFBC}") = "TugasOOP", "TugasOOP\TugasOOP.csproj", "{5CE36284-F098-4662-9EAA-B6E76F7B9369}"
EndProject
Global
	GlobalSection(SolutionConfigurationPlatforms) = preSolution
		Debug|Any CPU = Debug|Any CPU
		Release|Any CPU = Release|Any CPU
	EndGlobalSection
	GlobalSection(ProjectConfigurationPlatforms) = postSolution
		{5CE36284-F098-4662-9EAA-B6E76F7B9369}.Debug|Any CPU.ActiveCfg = Debug|Any CPU
		{5CE36284-F098-4662-9EAA-B6E76F7B9369}.Debug|Any CPU.Build.0 = Debug|Any CPU
		{5CE36284-F098-4662-9EAA-B6E76F7B9369}.Release|Any CPU.ActiveCfg = Release|Any CPU
		{5CE36284-F098-4662-9EAA-B6E76F7B9369}.Release|Any CPU.Build.0 = Release|Any CPU
	EndGlobalSection
	GlobalSection(SolutionProperties) = preSolution
		HideSolutionNode = FALSE
	EndGlobalSection
	GlobalSection(ExtensibilityGlobals) = postSolution
		SolutionGuid = {E5F543F8-5A04-4234-8F43-EF72BB330C5E}
	EndGlobalSection
EndGlobal
